
Microsoft Visual Studio Solution File, Format Version 12.00
# Visual Studio 14
VisualStudioVersion = 14.0.25420.1
MinimumVisualStudioVersion = 10.0.40219.1
Project("{2150E333-8FDC-42A3-9474-1A3956D46DE8}") = "src", "src", "{1C8AD0AD-BF52-4A31-B125-5050C2311764}"
EndProject
Project("{2150E333-8FDC-42A3-9474-1A3956D46DE8}") = "test", "test", "{9A058BEF-B16A-4A20-B009-1E02FD82FDBB}"
EndProject
Project("{2150E333-8FDC-42A3-9474-1A3956D46DE8}") = "Solution Items", "Solution Items", "{D4EBC995-A42A-473F-BF8A-7AE959FC39B4}"
	ProjectSection(SolutionItems) = preProject
		global.json = global.json
	EndProjectSection
EndProject
Project("{8BB2217D-0F2D-49D1-97BC-3654ED321F3B}") = "Derprecated.Api.Configuration.Core", "src\Derprecated.Api.Configuration.Core\Derprecated.Api.Configuration.Core.xproj", "{39385567-9D18-41C4-9C53-4DD71020FC33}"
EndProject
Project("{8BB2217D-0F2D-49D1-97BC-3654ED321F3B}") = "Derprecated.Api.Test.Core", "test\Derprecated.Api.Test.Core\Derprecated.Api.Test.Core.xproj", "{D243D2A6-3CC6-4BC7-AC38-23EA0F1B6738}"
EndProject
Project("{8BB2217D-0F2D-49D1-97BC-3654ED321F3B}") = "Derprecated.Api.Models", "src\Derprecated.Api.Models\Derprecated.Api.Models.xproj", "{AC726810-6418-4551-97EC-3BE2B443998F}"
EndProject
Project("{8BB2217D-0F2D-49D1-97BC-3654ED321F3B}") = "Derprecated.Api", "src\Derprecated.Api\Derprecated.Api.xproj", "{5C680FD3-144A-4570-BC8B-21642971F3D0}"
EndProject
Project("{8BB2217D-0F2D-49D1-97BC-3654ED321F3B}") = "Derprecated.Api.Host.Core", "src\Derprecated.Api.Host.Core\Derprecated.Api.Host.Core.xproj", "{AF7B4CB8-3A93-4348-95C8-FAA711134C76}"
EndProject
Project("{8BB2217D-0F2D-49D1-97BC-3654ED321F3B}") = "Derprecated.Jobs.ShopifyMigrator.Core", "src\Derprecated.Jobs.ShopifyMigrator.Core\Derprecated.Jobs.ShopifyMigrator.Core.xproj", "{B03CACA7-C605-4066-A944-5DC7493658B5}"
EndProject
Project("{2150E333-8FDC-42A3-9474-1A3956D46DE8}") = "db", "db", "{0D8A9D6F-75AF-4D8D-9DA7-CC4948153B81}"
EndProject
Project("{2150E333-8FDC-42A3-9474-1A3956D46DE8}") = "indexes", "indexes", "{ABCD4735-8D67-4701-92C9-2FDB7F4889CA}"
	ProjectSection(SolutionItems) = preProject
		create-product-fulltext-index.sql = create-product-fulltext-index.sql
	EndProjectSection
EndProject
Project("{2150E333-8FDC-42A3-9474-1A3956D46DE8}") = "migrations", "migrations", "{9D03EE15-5C31-404F-8048-5E7E342F7B2A}"
EndProject
Project("{2150E333-8FDC-42A3-9474-1A3956D46DE8}") = "v1.1.0", "v1.1.0", "{8EEB1179-B9CF-47EF-AA30-3BDA8D746CC6}"
	ProjectSection(SolutionItems) = preProject
		v1.1.0-add-audit-columns-to-sales.sql = v1.1.0-add-audit-columns-to-sales.sql
		v1.1.0-add-category-id-to-products.sql = v1.1.0-add-category-id-to-products.sql
		v1.1.0-add-name-to-location.sql = v1.1.0-add-name-to-location.sql
		v1.1.0-add-parent-fk-to-categories.sql = v1.1.0-add-parent-fk-to-categories.sql
		v1.1.0-add-soft-deletes-to-locations.sql = v1.1.0-add-soft-deletes-to-locations.sql
		v1.1.0-add-soft-deletes-to-products.sql = v1.1.0-add-soft-deletes-to-products.sql
		v1.1.0-alter-location-column-lengths.sql = v1.1.0-alter-location-column-lengths.sql
		v1.1.0-drop-inventory-transaction-id-from-sales.sql = v1.1.0-drop-inventory-transaction-id-from-sales.sql
		v1.1.0-drop-vendor-id-from-sales.sql = v1.1.0-drop-vendor-id-from-sales.sql
		v1.1.0.sql = v1.1.0.sql
	EndProjectSection
EndProject
Project("{2150E333-8FDC-42A3-9474-1A3956D46DE8}") = "v1.2.0", "v1.2.0", "{76BA2D2D-32F4-4D02-BA59-27E168C893B4}"
	ProjectSection(SolutionItems) = preProject
		v1.2.0-add-soft-deletes-to-multiple-models.sql = v1.2.0-add-soft-deletes-to-multiple-models.sql
	EndProjectSection
EndProject
Global
	GlobalSection(SolutionConfigurationPlatforms) = preSolution
		Debug|Any CPU = Debug|Any CPU
		Release|Any CPU = Release|Any CPU
	EndGlobalSection
	GlobalSection(ProjectConfigurationPlatforms) = postSolution
		{39385567-9D18-41C4-9C53-4DD71020FC33}.Debug|Any CPU.ActiveCfg = Debug|Any CPU
		{39385567-9D18-41C4-9C53-4DD71020FC33}.Debug|Any CPU.Build.0 = Debug|Any CPU
		{39385567-9D18-41C4-9C53-4DD71020FC33}.Release|Any CPU.ActiveCfg = Release|Any CPU
		{39385567-9D18-41C4-9C53-4DD71020FC33}.Release|Any CPU.Build.0 = Release|Any CPU
		{D243D2A6-3CC6-4BC7-AC38-23EA0F1B6738}.Debug|Any CPU.ActiveCfg = Debug|Any CPU
		{D243D2A6-3CC6-4BC7-AC38-23EA0F1B6738}.Debug|Any CPU.Build.0 = Debug|Any CPU
		{D243D2A6-3CC6-4BC7-AC38-23EA0F1B6738}.Release|Any CPU.ActiveCfg = Release|Any CPU
		{D243D2A6-3CC6-4BC7-AC38-23EA0F1B6738}.Release|Any CPU.Build.0 = Release|Any CPU
		{AC726810-6418-4551-97EC-3BE2B443998F}.Debug|Any CPU.ActiveCfg = Debug|Any CPU
		{AC726810-6418-4551-97EC-3BE2B443998F}.Debug|Any CPU.Build.0 = Debug|Any CPU
		{AC726810-6418-4551-97EC-3BE2B443998F}.Release|Any CPU.ActiveCfg = Release|Any CPU
		{AC726810-6418-4551-97EC-3BE2B443998F}.Release|Any CPU.Build.0 = Release|Any CPU
		{5C680FD3-144A-4570-BC8B-21642971F3D0}.Debug|Any CPU.ActiveCfg = Debug|Any CPU
		{5C680FD3-144A-4570-BC8B-21642971F3D0}.Debug|Any CPU.Build.0 = Debug|Any CPU
		{5C680FD3-144A-4570-BC8B-21642971F3D0}.Release|Any CPU.ActiveCfg = Release|Any CPU
		{5C680FD3-144A-4570-BC8B-21642971F3D0}.Release|Any CPU.Build.0 = Release|Any CPU
		{AF7B4CB8-3A93-4348-95C8-FAA711134C76}.Debug|Any CPU.ActiveCfg = Debug|Any CPU
		{AF7B4CB8-3A93-4348-95C8-FAA711134C76}.Debug|Any CPU.Build.0 = Debug|Any CPU
		{AF7B4CB8-3A93-4348-95C8-FAA711134C76}.Release|Any CPU.ActiveCfg = Release|Any CPU
		{AF7B4CB8-3A93-4348-95C8-FAA711134C76}.Release|Any CPU.Build.0 = Release|Any CPU
		{B03CACA7-C605-4066-A944-5DC7493658B5}.Debug|Any CPU.ActiveCfg = Debug|Any CPU
		{B03CACA7-C605-4066-A944-5DC7493658B5}.Debug|Any CPU.Build.0 = Debug|Any CPU
		{B03CACA7-C605-4066-A944-5DC7493658B5}.Release|Any CPU.ActiveCfg = Release|Any CPU
		{B03CACA7-C605-4066-A944-5DC7493658B5}.Release|Any CPU.Build.0 = Release|Any CPU
	EndGlobalSection
	GlobalSection(SolutionProperties) = preSolution
		HideSolutionNode = FALSE
	EndGlobalSection
	GlobalSection(NestedProjects) = preSolution
		{39385567-9D18-41C4-9C53-4DD71020FC33} = {1C8AD0AD-BF52-4A31-B125-5050C2311764}
		{D243D2A6-3CC6-4BC7-AC38-23EA0F1B6738} = {9A058BEF-B16A-4A20-B009-1E02FD82FDBB}
		{AC726810-6418-4551-97EC-3BE2B443998F} = {1C8AD0AD-BF52-4A31-B125-5050C2311764}
		{5C680FD3-144A-4570-BC8B-21642971F3D0} = {1C8AD0AD-BF52-4A31-B125-5050C2311764}
		{AF7B4CB8-3A93-4348-95C8-FAA711134C76} = {1C8AD0AD-BF52-4A31-B125-5050C2311764}
		{B03CACA7-C605-4066-A944-5DC7493658B5} = {1C8AD0AD-BF52-4A31-B125-5050C2311764}
		{ABCD4735-8D67-4701-92C9-2FDB7F4889CA} = {0D8A9D6F-75AF-4D8D-9DA7-CC4948153B81}
		{9D03EE15-5C31-404F-8048-5E7E342F7B2A} = {0D8A9D6F-75AF-4D8D-9DA7-CC4948153B81}
		{8EEB1179-B9CF-47EF-AA30-3BDA8D746CC6} = {9D03EE15-5C31-404F-8048-5E7E342F7B2A}
		{76BA2D2D-32F4-4D02-BA59-27E168C893B4} = {9D03EE15-5C31-404F-8048-5E7E342F7B2A}
	EndGlobalSection
EndGlobal
